
Microsoft Visual Studio Solution File, Format Version 12.00
# Visual Studio Version 16
VisualStudioVersion = 16.0.30717.126
MinimumVisualStudioVersion = 10.0.40219.1
Project("{FAE04EC0-301F-11D3-BF4B-00C04F79EFBC}") = "NotepadDIY", "NotepadDIY\NotepadDIY.csproj", "{8C89A92F-FF97-447B-B2B2-293AFC82466C}"
EndProject
Project("{FAE04EC0-301F-11D3-BF4B-00C04F79EFBC}") = "TestCompile", "TestCompile\TestCompile.csproj", "{3F18F683-0E37-478A-B4B7-6EE5877DD9FC}"
EndProject
Global
	GlobalSection(SolutionConfigurationPlatforms) = preSolution
		Debug|Any CPU = Debug|Any CPU
		Release|Any CPU = Release|Any CPU
	EndGlobalSection
	GlobalSection(ProjectConfigurationPlatforms) = postSolution
		{8C89A92F-FF97-447B-B2B2-293AFC82466C}.Debug|Any CPU.ActiveCfg = Debug|Any CPU
		{8C89A92F-FF97-447B-B2B2-293AFC82466C}.Debug|Any CPU.Build.0 = Debug|Any CPU
		{8C89A92F-FF97-447B-B2B2-293AFC82466C}.Release|Any CPU.ActiveCfg = Release|Any CPU
		{8C89A92F-FF97-447B-B2B2-293AFC82466C}.Release|Any CPU.Build.0 = Release|Any CPU
		{3F18F683-0E37-478A-B4B7-6EE5877DD9FC}.Debug|Any CPU.ActiveCfg = Debug|Any CPU
		{3F18F683-0E37-478A-B4B7-6EE5877DD9FC}.Debug|Any CPU.Build.0 = Debug|Any CPU
		{3F18F683-0E37-478A-B4B7-6EE5877DD9FC}.Release|Any CPU.ActiveCfg = Release|Any CPU
		{3F18F683-0E37-478A-B4B7-6EE5877DD9FC}.Release|Any CPU.Build.0 = Release|Any CPU
	EndGlobalSection
	GlobalSection(SolutionProperties) = preSolution
		HideSolutionNode = FALSE
	EndGlobalSection
	GlobalSection(ExtensibilityGlobals) = postSolution
		SolutionGuid = {EBADF619-133C-4EF6-9D9F-45C6A74778D2}
	EndGlobalSection
EndGlobal
